
Microsoft Visual Studio Solution File, Format Version 12.00
# Visual Studio Version 17
VisualStudioVersion = 17.3.32901.215
MinimumVisualStudioVersion = 10.0.40219.1
Project("{FAE04EC0-301F-11D3-BF4B-00C04F79EFBC}") = "ornek", "ornek\ornek.csproj", "{FA8E0477-AEA2-4058-9EF0-BB94641C1108}"
EndProject
Global
	GlobalSection(SolutionConfigurationPlatforms) = preSolution
		Debug|Any CPU = Debug|Any CPU
		Release|Any CPU = Release|Any CPU
	EndGlobalSection
	GlobalSection(ProjectConfigurationPlatforms) = postSolution
		{FA8E0477-AEA2-4058-9EF0-BB94641C1108}.Debug|Any CPU.ActiveCfg = Debug|Any CPU
		{FA8E0477-AEA2-4058-9EF0-BB94641C1108}.Debug|Any CPU.Build.0 = Debug|Any CPU
		{FA8E0477-AEA2-4058-9EF0-BB94641C1108}.Release|Any CPU.ActiveCfg = Release|Any CPU
		{FA8E0477-AEA2-4058-9EF0-BB94641C1108}.Release|Any CPU.Build.0 = Release|Any CPU
	EndGlobalSection
	GlobalSection(SolutionProperties) = preSolution
		HideSolutionNode = FALSE
	EndGlobalSection
	GlobalSection(ExtensibilityGlobals) = postSolution
		SolutionGuid = {B4951B06-D03B-49BF-91F7-113AEF573200}
	EndGlobalSection
EndGlobal
